{
  "lockfileVersion": 1,
  "workspaces": {
    "": {
      "name": "bun-react-template",
      "dependencies": {
        "@types/tailwindcss": "^3.1.0",
        "autoprefixer": "^10.4.22",
        "bun-plugin-tailwind": "^0.1.2",
        "postcss": "^8.5.6",
        "react": "^19",
        "react-dom": "^19",
        "tailwindcss": "^4.1.17",
      },
      "devDependencies": {
        "@types/bun": "latest",
        "@types/react": "^19",
        "@types/react-dom": "^19",
      },
    },
  },
  "packages": {
    "@oven/bun-darwin-aarch64": ["@oven/bun-darwin-aarch64@1.3.3", "", { "os": "darwin", "cpu": "arm64" }, "sha512-eJopQrUk0WR7jViYDC29+Rp50xGvs4GtWOXBeqCoFMzutkkO3CZvHehA4JqnjfWMTSS8toqvRhCSOpOz62Wf9w=="],

    "@oven/bun-darwin-x64": ["@oven/bun-darwin-x64@1.3.3", "", { "os": "darwin", "cpu": "x64" }, "sha512-xGDePueVFrNgkS+iN0QdEFeRrx2MQ5hQ9ipRFu7N73rgoSSJsFlOKKt2uGZzunczedViIfjYl0ii0K4E9aZ0Ow=="],

    "@oven/bun-darwin-x64-baseline": ["@oven/bun-darwin-x64-baseline@1.3.3", "", { "os": "darwin", "cpu": "x64" }, "sha512-1ij4wQ9ECLFf1XFry+IFUN+28if40ozDqq6+QtuyOhIwraKzXOlAUbILhRMGvM3ED3yBex2mTwlKpA4Vja/V2g=="],

    "@oven/bun-linux-aarch64": ["@oven/bun-linux-aarch64@1.3.3", "", { "os": "linux", "cpu": "arm64" }, "sha512-DabZ3Mt1XcJneWdEEug8l7bCPVvDBRBpjUIpNnRnMFWFnzr8KBEpMcaWTwYOghjXyJdhB4MPKb19MwqyQ+FHAw=="],

    "@oven/bun-linux-aarch64-musl": ["@oven/bun-linux-aarch64-musl@1.3.3", "", { "os": "linux", "cpu": "arm64" }, "sha512-XWQ3tV/gtZj0wn2AdSUq/tEOKWT4OY+Uww70EbODgrrq00jxuTfq5nnYP6rkLD0M/T5BHJdQRSfQYdIni9vldw=="],

    "@oven/bun-linux-x64": ["@oven/bun-linux-x64@1.3.3", "", { "os": "linux", "cpu": "x64" }, "sha512-7eIARtKZKZDtah1aCpQUj/1/zT/zHRR063J6oAxZP9AuA547j5B9OM2D/vi/F4En7Gjk9FPjgPGTSYeqpQDzJw=="],

    "@oven/bun-linux-x64-baseline": ["@oven/bun-linux-x64-baseline@1.3.3", "", { "os": "linux", "cpu": "x64" }, "sha512-IU8pxhIf845psOv55LqJyL+tSUc6HHMfs6FGhuJcAnyi92j+B1HjOhnFQh9MW4vjoo7do5F8AerXlvk59RGH2w=="],

    "@oven/bun-linux-x64-musl": ["@oven/bun-linux-x64-musl@1.3.3", "", { "os": "linux", "cpu": "x64" }, "sha512-xNSDRPn1yyObKteS8fyQogwsS4eCECswHHgaKM+/d4wy/omZQrXn8ZyGm/ZF9B73UfQytUfbhE7nEnrFq03f0w=="],

    "@oven/bun-linux-x64-musl-baseline": ["@oven/bun-linux-x64-musl-baseline@1.3.3", "", { "os": "linux", "cpu": "x64" }, "sha512-JoRTPdAXRkNYouUlJqEncMWUKn/3DiWP03A7weBbtbsKr787gcdNna2YeyQKCb1lIXE4v1k18RM3gaOpQobGIQ=="],

    "@oven/bun-windows-x64": ["@oven/bun-windows-x64@1.3.3", "", { "os": "win32", "cpu": "x64" }, "sha512-kWqa1LKvDdAIzyfHxo3zGz3HFWbFHDlrNK77hKjUN42ycikvZJ+SHSX76+1OW4G8wmLETX4Jj+4BM1y01DQRIQ=="],

    "@oven/bun-windows-x64-baseline": ["@oven/bun-windows-x64-baseline@1.3.3", "", { "os": "win32", "cpu": "x64" }, "sha512-u5eZHKq6TPJSE282KyBOicGQ2trkFml0RoUfqkPOJVo7TXGrsGYYzdsugZRnVQY/WEmnxGtBy4T3PAaPqgQViA=="],

    "@types/bun": ["@types/bun@1.2.21", "", { "dependencies": { "bun-types": "1.2.21" } }, "sha512-NiDnvEqmbfQ6dmZ3EeUO577s4P5bf4HCTXtI6trMc6f6RzirY5IrF3aIookuSpyslFzrnvv2lmEWv5HyC1X79A=="],

    "@types/node": ["@types/node@24.3.1", "", { "dependencies": { "undici-types": "~7.10.0" } }, "sha512-3vXmQDXy+woz+gnrTvuvNrPzekOi+Ds0ReMxw0LzBiK3a+1k0kQn9f2NWk+lgD4rJehFUmYy2gMhJ2ZI+7YP9g=="],

    "@types/react": ["@types/react@19.1.12", "", { "dependencies": { "csstype": "^3.0.2" } }, "sha512-cMoR+FoAf/Jyq6+Df2/Z41jISvGZZ2eTlnsaJRptmZ76Caldwy1odD4xTr/gNV9VLj0AWgg/nmkevIyUfIIq5w=="],

    "@types/react-dom": ["@types/react-dom@19.1.9", "", { "peerDependencies": { "@types/react": "^19.0.0" } }, "sha512-qXRuZaOsAdXKFyOhRBg6Lqqc0yay13vN7KrIg4L7N4aaHN68ma9OK3NE1BoDFgFOTfM7zg+3/8+2n8rLUH3OKQ=="],

    "@types/tailwindcss": ["@types/tailwindcss@3.1.0", "", { "dependencies": { "tailwindcss": "*" } }, "sha512-JxPzrm609hzvF4nmOI3StLjbBEP3WWQxDDJESqR1nh94h7gyyy3XSl0hn5RBMJ9mPudlLjtaXs5YEBtLw7CnPA=="],

    "autoprefixer": ["autoprefixer@10.4.22", "", { "dependencies": { "browserslist": "^4.27.0", "caniuse-lite": "^1.0.30001754", "fraction.js": "^5.3.4", "normalize-range": "^0.1.2", "picocolors": "^1.1.1", "postcss-value-parser": "^4.2.0" }, "peerDependencies": { "postcss": "^8.1.0" }, "bin": { "autoprefixer": "bin/autoprefixer" } }, "sha512-ARe0v/t9gO28Bznv6GgqARmVqcWOV3mfgUPn9becPHMiD3o9BwlRgaeccZnwTpZ7Zwqrm+c1sUSsMxIzQzc8Xg=="],

    "baseline-browser-mapping": ["baseline-browser-mapping@2.8.31", "", { "bin": { "baseline-browser-mapping": "dist/cli.js" } }, "sha512-a28v2eWrrRWPpJSzxc+mKwm0ZtVx/G8SepdQZDArnXYU/XS+IF6mp8aB/4E+hH1tyGCoDo3KlUCdlSxGDsRkAw=="],

    "browserslist": ["browserslist@4.28.0", "", { "dependencies": { "baseline-browser-mapping": "^2.8.25", "caniuse-lite": "^1.0.30001754", "electron-to-chromium": "^1.5.249", "node-releases": "^2.0.27", "update-browserslist-db": "^1.1.4" }, "bin": { "browserslist": "cli.js" } }, "sha512-tbydkR/CxfMwelN0vwdP/pLkDwyAASZ+VfWm4EOwlB6SWhx1sYnWLqo8N5j0rAzPfzfRaxt0mM/4wPU/Su84RQ=="],

    "bun": ["bun@1.3.3", "", { "optionalDependencies": { "@oven/bun-darwin-aarch64": "1.3.3", "@oven/bun-darwin-x64": "1.3.3", "@oven/bun-darwin-x64-baseline": "1.3.3", "@oven/bun-linux-aarch64": "1.3.3", "@oven/bun-linux-aarch64-musl": "1.3.3", "@oven/bun-linux-x64": "1.3.3", "@oven/bun-linux-x64-baseline": "1.3.3", "@oven/bun-linux-x64-musl": "1.3.3", "@oven/bun-linux-x64-musl-baseline": "1.3.3", "@oven/bun-windows-x64": "1.3.3", "@oven/bun-windows-x64-baseline": "1.3.3" }, "os": [ "linux", "win32", "darwin", ], "cpu": [ "x64", "arm64", ], "bin": { "bun": "bin/bun.exe", "bunx": "bin/bunx.exe" } }, "sha512-2hJ4ocTZ634/Ptph4lysvO+LbbRZq8fzRvMwX0/CqaLBxrF2UB5D1LdMB8qGcdtCer4/VR9Bx5ORub0yn+yzmw=="],

    "bun-plugin-tailwind": ["bun-plugin-tailwind@0.1.2", "", { "peerDependencies": { "bun": ">=1.0.0" } }, "sha512-41jNC1tZRSK3s1o7pTNrLuQG8kL/0vR/JgiTmZAJ1eHwe0w5j6HFPKeqEk0WAD13jfrUC7+ULuewFBBCoADPpg=="],

    "bun-types": ["bun-types@1.2.21", "", { "dependencies": { "@types/node": "*" }, "peerDependencies": { "@types/react": "^19" } }, "sha512-sa2Tj77Ijc/NTLS0/Odjq/qngmEPZfbfnOERi0KRUYhT9R8M4VBioWVmMWE5GrYbKMc+5lVybXygLdibHaqVqw=="],

    "caniuse-lite": ["caniuse-lite@1.0.30001757", "", {}, "sha512-r0nnL/I28Zi/yjk1el6ilj27tKcdjLsNqAOZr0yVjWPrSQyHgKI2INaEWw21bAQSv2LXRt1XuCS/GomNpWOxsQ=="],

    "csstype": ["csstype@3.1.3", "", {}, "sha512-M1uQkMl8rQK/szD0LNhtqxIPLpimGm8sOBwU7lLnCpSbTyY3yeU1Vc7l4KT5zT4s/yOxHH5O7tIuuLOCnLADRw=="],

    "electron-to-chromium": ["electron-to-chromium@1.5.259", "", {}, "sha512-I+oLXgpEJzD6Cwuwt1gYjxsDmu/S/Kd41mmLA3O+/uH2pFRO/DvOjUyGozL8j3KeLV6WyZ7ssPwELMsXCcsJAQ=="],

    "escalade": ["escalade@3.2.0", "", {}, "sha512-WUj2qlxaQtO4g6Pq5c29GTcWGDyd8itL8zTlipgECz3JesAiiOKotd8JU6otB3PACgG6xkJUyVhboMS+bje/jA=="],

    "fraction.js": ["fraction.js@5.3.4", "", {}, "sha512-1X1NTtiJphryn/uLQz3whtY6jK3fTqoE3ohKs0tT+Ujr1W59oopxmoEh7Lu5p6vBaPbgoM0bzveAW4Qi5RyWDQ=="],

    "nanoid": ["nanoid@3.3.11", "", { "bin": { "nanoid": "bin/nanoid.cjs" } }, "sha512-N8SpfPUnUp1bK+PMYW8qSWdl9U+wwNWI4QKxOYDy9JAro3WMX7p2OeVRF9v+347pnakNevPmiHhNmZ2HbFA76w=="],

    "node-releases": ["node-releases@2.0.27", "", {}, "sha512-nmh3lCkYZ3grZvqcCH+fjmQ7X+H0OeZgP40OierEaAptX4XofMh5kwNbWh7lBduUzCcV/8kZ+NDLCwm2iorIlA=="],

    "normalize-range": ["normalize-range@0.1.2", "", {}, "sha512-bdok/XvKII3nUpklnV6P2hxtMNrCboOjAcyBuQnWEhO665FwrSNRxU+AqpsyvO6LgGYPspN+lu5CLtw4jPRKNA=="],

    "picocolors": ["picocolors@1.1.1", "", {}, "sha512-xceH2snhtb5M9liqDsmEw56le376mTZkEX/jEb/RxNFyegNul7eNslCXP9FDj/Lcu0X8KEyMceP2ntpaHrDEVA=="],

    "postcss": ["postcss@8.5.6", "", { "dependencies": { "nanoid": "^3.3.11", "picocolors": "^1.1.1", "source-map-js": "^1.2.1" } }, "sha512-3Ybi1tAuwAP9s0r1UQ2J4n5Y0G05bJkpUIO0/bI9MhwmD70S5aTWbXGBwxHrelT+XM1k6dM0pk+SwNkpTRN7Pg=="],

    "postcss-value-parser": ["postcss-value-parser@4.2.0", "", {}, "sha512-1NNCs6uurfkVbeXG4S8JFT9t19m45ICnif8zWLd5oPSZ50QnwMfK+H3jv408d4jw/7Bttv5axS5IiHoLaVNHeQ=="],

    "react": ["react@19.1.1", "", {}, "sha512-w8nqGImo45dmMIfljjMwOGtbmC/mk4CMYhWIicdSflH91J9TyCyczcPFXJzrZ/ZXcgGRFeP6BU0BEJTw6tZdfQ=="],

    "react-dom": ["react-dom@19.1.1", "", { "dependencies": { "scheduler": "^0.26.0" }, "peerDependencies": { "react": "^19.1.1" } }, "sha512-Dlq/5LAZgF0Gaz6yiqZCf6VCcZs1ghAJyrsu84Q/GT0gV+mCxbfmKNoGRKBYMJ8IEdGPqu49YWXD02GCknEDkw=="],

    "scheduler": ["scheduler@0.26.0", "", {}, "sha512-NlHwttCI/l5gCPR3D1nNXtWABUmBwvZpEQiD4IXSbIDq8BzLIK/7Ir5gTFSGZDUu37K5cMNp0hFtzO38sC7gWA=="],

    "source-map-js": ["source-map-js@1.2.1", "", {}, "sha512-UXWMKhLOwVKb728IUtQPXxfYU+usdybtUrK/8uGE8CQMvrhOpwvzDBwj0QhSL7MQc7vIsISBG8VQ8+IDQxpfQA=="],

    "tailwindcss": ["tailwindcss@4.1.17", "", {}, "sha512-j9Ee2YjuQqYT9bbRTfTZht9W/ytp5H+jJpZKiYdP/bpnXARAuELt9ofP0lPnmHjbga7SNQIxdTAXCmtKVYjN+Q=="],

    "undici-types": ["undici-types@7.10.0", "", {}, "sha512-t5Fy/nfn+14LuOc2KNYg75vZqClpAiqscVvMygNnlsHBFpSXdJaYtXMcdNLpl/Qvc3P2cB3s6lOV51nqsFq4ag=="],

    "update-browserslist-db": ["update-browserslist-db@1.1.4", "", { "dependencies": { "escalade": "^3.2.0", "picocolors": "^1.1.1" }, "peerDependencies": { "browserslist": ">= 4.21.0" }, "bin": { "update-browserslist-db": "cli.js" } }, "sha512-q0SPT4xyU84saUX+tomz1WLkxUbuaJnR1xWt17M7fJtEJigJeWUNGUqrauFXsHnqev9y9JTRGwk13tFBuKby4A=="],
  }
}
